
Microsoft Visual Studio Solution File, Format Version 12.00
# Visual Studio Version 16
VisualStudioVersion = 16.0.30804.86
MinimumVisualStudioVersion = 15.0.26124.0
Project("{9A19103F-16F7-4668-BE54-9A1E7A4F7556}") = "Testwriter", "src\Testwriter\Testwriter.csproj", "{4CF3C3DB-5BA8-42F4-B44A-F4BD37042068}"
EndProject
Project("{9A19103F-16F7-4668-BE54-9A1E7A4F7556}") = "MyJetWallet.MatchingEngine.EventReader", "src\MyJetWallet.MatchingEngine.EventReader\MyJetWallet.MatchingEngine.EventReader.csproj", "{60D7081A-88DF-48E3-B079-E9FC6AF0D38D}"
EndProject
Project("{2150E333-8FDC-42A3-9474-1A3956D46DE8}") = "Solution Items", "Solution Items", "{37907610-48BB-47E9-9E0C-8DF2AB45D179}"
	ProjectSection(SolutionItems) = preProject
		.github\workflows\ci-test.yml = .github\workflows\ci-test.yml
		.github\workflows\notify_errors.yaml = .github\workflows\notify_errors.yaml
		README.md = README.md
		.github\workflows\release-api-client.yml = .github\workflows\release-api-client.yml
		.github\workflows\update_nuget.yaml = .github\workflows\update_nuget.yaml
	EndProjectSection
EndProject
Global
	GlobalSection(SolutionConfigurationPlatforms) = preSolution
		Debug|Any CPU = Debug|Any CPU
		Debug|x64 = Debug|x64
		Debug|x86 = Debug|x86
		Release|Any CPU = Release|Any CPU
		Release|x64 = Release|x64
		Release|x86 = Release|x86
	EndGlobalSection
	GlobalSection(ProjectConfigurationPlatforms) = postSolution
		{4CF3C3DB-5BA8-42F4-B44A-F4BD37042068}.Debug|Any CPU.ActiveCfg = Debug|Any CPU
		{4CF3C3DB-5BA8-42F4-B44A-F4BD37042068}.Debug|Any CPU.Build.0 = Debug|Any CPU
		{4CF3C3DB-5BA8-42F4-B44A-F4BD37042068}.Debug|x64.ActiveCfg = Debug|Any CPU
		{4CF3C3DB-5BA8-42F4-B44A-F4BD37042068}.Debug|x64.Build.0 = Debug|Any CPU
		{4CF3C3DB-5BA8-42F4-B44A-F4BD37042068}.Debug|x86.ActiveCfg = Debug|Any CPU
		{4CF3C3DB-5BA8-42F4-B44A-F4BD37042068}.Debug|x86.Build.0 = Debug|Any CPU
		{4CF3C3DB-5BA8-42F4-B44A-F4BD37042068}.Release|Any CPU.ActiveCfg = Release|Any CPU
		{4CF3C3DB-5BA8-42F4-B44A-F4BD37042068}.Release|Any CPU.Build.0 = Release|Any CPU
		{4CF3C3DB-5BA8-42F4-B44A-F4BD37042068}.Release|x64.ActiveCfg = Release|Any CPU
		{4CF3C3DB-5BA8-42F4-B44A-F4BD37042068}.Release|x64.Build.0 = Release|Any CPU
		{4CF3C3DB-5BA8-42F4-B44A-F4BD37042068}.Release|x86.ActiveCfg = Release|Any CPU
		{4CF3C3DB-5BA8-42F4-B44A-F4BD37042068}.Release|x86.Build.0 = Release|Any CPU
		{60D7081A-88DF-48E3-B079-E9FC6AF0D38D}.Debug|Any CPU.ActiveCfg = Debug|Any CPU
		{60D7081A-88DF-48E3-B079-E9FC6AF0D38D}.Debug|Any CPU.Build.0 = Debug|Any CPU
		{60D7081A-88DF-48E3-B079-E9FC6AF0D38D}.Debug|x64.ActiveCfg = Debug|Any CPU
		{60D7081A-88DF-48E3-B079-E9FC6AF0D38D}.Debug|x64.Build.0 = Debug|Any CPU
		{60D7081A-88DF-48E3-B079-E9FC6AF0D38D}.Debug|x86.ActiveCfg = Debug|Any CPU
		{60D7081A-88DF-48E3-B079-E9FC6AF0D38D}.Debug|x86.Build.0 = Debug|Any CPU
		{60D7081A-88DF-48E3-B079-E9FC6AF0D38D}.Release|Any CPU.ActiveCfg = Release|Any CPU
		{60D7081A-88DF-48E3-B079-E9FC6AF0D38D}.Release|Any CPU.Build.0 = Release|Any CPU
		{60D7081A-88DF-48E3-B079-E9FC6AF0D38D}.Release|x64.ActiveCfg = Release|Any CPU
		{60D7081A-88DF-48E3-B079-E9FC6AF0D38D}.Release|x64.Build.0 = Release|Any CPU
		{60D7081A-88DF-48E3-B079-E9FC6AF0D38D}.Release|x86.ActiveCfg = Release|Any CPU
		{60D7081A-88DF-48E3-B079-E9FC6AF0D38D}.Release|x86.Build.0 = Release|Any CPU
	EndGlobalSection
	GlobalSection(SolutionProperties) = preSolution
		HideSolutionNode = FALSE
	EndGlobalSection
	GlobalSection(ExtensibilityGlobals) = postSolution
		SolutionGuid = {9E9505D8-3957-4A43-A6C1-0B5C423E1F6B}
	EndGlobalSection
EndGlobal
